// !$*UTF8*$!
{
	archiveVersion = 1;
	classes = {
	};
	objectVersion = 56;
	objects = {

/* Begin PBXBuildFile section */
		8F6A1586291DFDF000751720 /* AppDelegate.swift in Sources */ = {isa = PBXBuildFile; fileRef = 8F6A1585291DFDF000751720 /* AppDelegate.swift */; };
		8F6A1588291DFDF000751720 /* SceneDelegate.swift in Sources */ = {isa = PBXBuildFile; fileRef = 8F6A1587291DFDF000751720 /* SceneDelegate.swift */; };
		8F6A158A291DFDF000751720 /* ViewController.swift in Sources */ = {isa = PBXBuildFile; fileRef = 8F6A1589291DFDF000751720 /* ViewController.swift */; };
		8F6A158D291DFDF000751720 /* Main.storyboard in Resources */ = {isa = PBXBuildFile; fileRef = 8F6A158B291DFDF000751720 /* Main.storyboard */; };
		8F6A158F291DFDF200751720 /* Assets.xcassets in Resources */ = {isa = PBXBuildFile; fileRef = 8F6A158E291DFDF200751720 /* Assets.xcassets */; };
		8F6A1592291DFDF200751720 /* LaunchScreen.storyboard in Resources */ = {isa = PBXBuildFile; fileRef = 8F6A1590291DFDF200751720 /* LaunchScreen.storyboard */; };
		8F6A159D291DFEF000751720 /* TableViewCell.swift in Sources */ = {isa = PBXBuildFile; fileRef = 8F6A159B291DFEF000751720 /* TableViewCell.swift */; };
		8F6A159E291DFEF000751720 /* TableViewCell.xib in Resources */ = {isa = PBXBuildFile; fileRef = 8F6A159C291DFEF000751720 /* TableViewCell.xib */; };
		8F6A15A4291F4A8600751720 /* JSONData.swift in Sources */ = {isa = PBXBuildFile; fileRef = 8F6A15A3291F4A8600751720 /* JSONData.swift */; };
/* End PBXBuildFile section */

/* Begin PBXFileReference section */
		8F6A1582291DFDF000751720 /* TableViewNib.app */ = {isa = PBXFileReference; explicitFileType = wrapper.application; includeInIndex = 0; path = TableViewNib.app; sourceTree = BUILT_PRODUCTS_DIR; };
		8F6A1585291DFDF000751720 /* AppDelegate.swift */ = {isa = PBXFileReference; lastKnownFileType = sourcecode.swift; path = AppDelegate.swift; sourceTree = "<group>"; };
		8F6A1587291DFDF000751720 /* SceneDelegate.swift */ = {isa = PBXFileReference; lastKnownFileType = sourcecode.swift; path = SceneDelegate.swift; sourceTree = "<group>"; };
		8F6A1589291DFDF000751720 /* ViewController.swift */ = {isa = PBXFileReference; lastKnownFileType = sourcecode.swift; path = ViewController.swift; sourceTree = "<group>"; };
		8F6A158C291DFDF000751720 /* Base */ = {isa = PBXFileReference; lastKnownFileType = file.storyboard; name = Base; path = Base.lproj/Main.storyboard; sourceTree = "<group>"; };
		8F6A158E291DFDF200751720 /* Assets.xcassets */ = {isa = PBXFileReference; lastKnownFileType = folder.assetcatalog; path = Assets.xcassets; sourceTree = "<group>"; };
		8F6A1591291DFDF200751720 /* Base */ = {isa = PBXFileReference; lastKnownFileType = file.storyboard; name = Base; path = Base.lproj/LaunchScreen.storyboard; sourceTree = "<group>"; };
		8F6A1593291DFDF200751720 /* Info.plist */ = {isa = PBXFileReference; lastKnownFileType = text.plist.xml; path = Info.plist; sourceTree = "<group>"; };
		8F6A159B291DFEF000751720 /* TableViewCell.swift */ = {isa = PBXFileReference; lastKnownFileType = sourcecode.swift; path = TableViewCell.swift; sourceTree = "<group>"; };
		8F6A159C291DFEF000751720 /* TableViewCell.xib */ = {isa = PBXFileReference; lastKnownFileType = file.xib; path = TableViewCell.xib; sourceTree = "<group>"; };
		8F6A15A1291F3B0200751720 /* 성공.playground */ = {isa = PBXFileReference; lastKnownFileType = file.playground; path = "성공.playground"; sourceTree = "<group>"; xcLanguageSpecificationIdentifier = xcode.lang.swift; };
		8F6A15A2291F3E8700751720 /* 성공1.playground */ = {isa = PBXFileReference; lastKnownFileType = file.playground; path = "성공1.playground"; sourceTree = "<group>"; xcLanguageSpecificationIdentifier = xcode.lang.swift; };
		8F6A15A3291F4A8600751720 /* JSONData.swift */ = {isa = PBXFileReference; lastKnownFileType = sourcecode.swift; path = JSONData.swift; sourceTree = "<group>"; };
/* End PBXFileReference section */

/* Begin PBXFrameworksBuildPhase section */
		8F6A157F291DFDF000751720 /* Frameworks */ = {
			isa = PBXFrameworksBuildPhase;
			buildActionMask = 2147483647;
			files = (
			);
			runOnlyForDeploymentPostprocessing = 0;
		};
/* End PBXFrameworksBuildPhase section */

/* Begin PBXGroup section */
		8F6A1579291DFDF000751720 = {
			isa = PBXGroup;
			children = (
				8F6A1584291DFDF000751720 /* TableViewNib */,
				8F6A1583291DFDF000751720 /* Products */,
			);
			sourceTree = "<group>";
		};
		8F6A1583291DFDF000751720 /* Products */ = {
			isa = PBXGroup;
			children = (
				8F6A1582291DFDF000751720 /* TableViewNib.app */,
			);
			name = Products;
			sourceTree = "<group>";
		};
		8F6A1584291DFDF000751720 /* TableViewNib */ = {
			isa = PBXGroup;
			children = (
				8F6A1585291DFDF000751720 /* AppDelegate.swift */,
				8F6A1587291DFDF000751720 /* SceneDelegate.swift */,
				8F6A15A3291F4A8600751720 /* JSONData.swift */,
				8F6A1589291DFDF000751720 /* ViewController.swift */,
				8F6A159B291DFEF000751720 /* TableViewCell.swift */,
				8F6A159C291DFEF000751720 /* TableViewCell.xib */,
				8F6A158B291DFDF000751720 /* Main.storyboard */,
				8F6A158E291DFDF200751720 /* Assets.xcassets */,
				8F6A1590291DFDF200751720 /* LaunchScreen.storyboard */,
				8F6A1593291DFDF200751720 /* Info.plist */,
				8F6A15A1291F3B0200751720 /* 성공.playground */,
				8F6A15A2291F3E8700751720 /* 성공1.playground */,
			);
			path = TableViewNib;
			sourceTree = "<group>";
		};
/* End PBXGroup section */

/* Begin PBXNativeTarget section */
		8F6A1581291DFDF000751720 /* TableViewNib */ = {
			isa = PBXNativeTarget;
			buildConfigurationList = 8F6A1596291DFDF200751720 /* Build configuration list for PBXNativeTarget "TableViewNib" */;
			buildPhases = (
				8F6A157E291DFDF000751720 /* Sources */,
				8F6A157F291DFDF000751720 /* Frameworks */,
				8F6A1580291DFDF000751720 /* Resources */,
			);
			buildRules = (
			);
			dependencies = (
			);
			name = TableViewNib;
			productName = TableViewNib;
			productReference = 8F6A1582291DFDF000751720 /* TableViewNib.app */;
			productType = "com.apple.product-type.application";
		};
/* End PBXNativeTarget section */

/* Begin PBXProject section */
		8F6A157A291DFDF000751720 /* Project object */ = {
			isa = PBXProject;
			attributes = {
				BuildIndependentTargetsInParallel = 1;
				LastSwiftUpdateCheck = 1410;
				LastUpgradeCheck = 1410;
				TargetAttributes = {
					8F6A1581291DFDF000751720 = {
						CreatedOnToolsVersion = 14.1;
					};
				};
			};
			buildConfigurationList = 8F6A157D291DFDF000751720 /* Build configuration list for PBXProject "TableViewNib" */;
			compatibilityVersion = "Xcode 14.0";
			developmentRegion = en;
			hasScannedForEncodings = 0;
			knownRegions = (
				en,
				Base,
			);
			mainGroup = 8F6A1579291DFDF000751720;
			productRefGroup = 8F6A1583291DFDF000751720 /* Products */;
			projectDirPath = "";
			projectRoot = "";
			targets = (
				8F6A1581291DFDF000751720 /* TableViewNib */,
			);
		};
/* End PBXProject section */

/* Begin PBXResourcesBuildPhase section */
		8F6A1580291DFDF000751720 /* Resources */ = {
			isa = PBXResourcesBuildPhase;
			buildActionMask = 2147483647;
			files = (
				8F6A1592291DFDF200751720 /* LaunchScreen.storyboard in Resources */,
				8F6A159E291DFEF000751720 /* TableViewCell.xib in Resources */,
				8F6A158F291DFDF200751720 /* Assets.xcassets in Resources */,
				8F6A158D291DFDF000751720 /* Main.storyboard in Resources */,
			);
			runOnlyForDeploymentPostprocessing = 0;
		};
/* End PBXResourcesBuildPhase section */

/* Begin PBXSourcesBuildPhase section */
		8F6A157E291DFDF000751720 /* Sources */ = {
			isa = PBXSourcesBuildPhase;
			buildActionMask = 2147483647;
			files = (
				8F6A158A291DFDF000751720 /* ViewController.swift in Sources */,
				8F6A159D291DFEF000751720 /* TableViewCell.swift in Sources */,
				8F6A1586291DFDF000751720 /* AppDelegate.swift in Sources */,
				8F6A1588291DFDF000751720 /* SceneDelegate.swift in Sources */,
				8F6A15A4291F4A8600751720 /* JSONData.swift in Sources */,
			);
			runOnlyForDeploymentPostprocessing = 0;
		};
/* End PBXSourcesBuildPhase section */

/* Begin PBXVariantGroup section */
		8F6A158B291DFDF000751720 /* Main.storyboard */ = {
			isa = PBXVariantGroup;
			children = (
				8F6A158C291DFDF000751720 /* Base */,
			);
			name = Main.storyboard;
			sourceTree = "<group>";
		};
		8F6A1590291DFDF200751720 /* LaunchScreen.storyboard */ = {
			isa = PBXVariantGroup;
			children = (
				8F6A1591291DFDF200751720 /* Base */,
			);
			name = LaunchScreen.storyboard;
			sourceTree = "<group>";
		};
/* End PBXVariantGroup section */

/* Begin XCBuildConfiguration section */
		8F6A1594291DFDF200751720 /* Debug */ = {
			isa = XCBuildConfiguration;
			buildSettings = {
				ALWAYS_SEARCH_USER_PATHS = NO;
				CLANG_ANALYZER_NONNULL = YES;
				CLANG_ANALYZER_NUMBER_OBJECT_CONVERSION = YES_AGGRESSIVE;
				CLANG_CXX_LANGUAGE_STANDARD = "gnu++20";
				CLANG_ENABLE_MODULES = YES;
				CLANG_ENABLE_OBJC_ARC = YES;
				CLANG_ENABLE_OBJC_WEAK = YES;
				CLANG_WARN_BLOCK_CAPTURE_AUTORELEASING = YES;
				CLANG_WARN_BOOL_CONVERSION = YES;
				CLANG_WARN_COMMA = YES;
				CLANG_WARN_CONSTANT_CONVERSION = YES;
				CLANG_WARN_DEPRECATED_OBJC_IMPLEMENTATIONS = YES;
				CLANG_WARN_DIRECT_OBJC_ISA_USAGE = YES_ERROR;
				CLANG_WARN_DOCUMENTATION_COMMENTS = YES;
				CLANG_WARN_EMPTY_BODY = YES;
				CLANG_WARN_ENUM_CONVERSION = YES;
				CLANG_WARN_INFINITE_RECURSION = YES;
				CLANG_WARN_INT_CONVERSION = YES;
				CLANG_WARN_NON_LITERAL_NULL_CONVERSION = YES;
				CLANG_WARN_OBJC_IMPLICIT_RETAIN_SELF = YES;
				CLANG_WARN_OBJC_LITERAL_CONVERSION = YES;
				CLANG_WARN_OBJC_ROOT_CLASS = YES_ERROR;
				CLANG_WARN_QUOTED_INCLUDE_IN_FRAMEWORK_HEADER = YES;
				CLANG_WARN_RANGE_LOOP_ANALYSIS = YES;
				CLANG_WARN_STRICT_PROTOTYPES = YES;
				CLANG_WARN_SUSPICIOUS_MOVE = YES;
				CLANG_WARN_UNGUARDED_AVAILABILITY = YES_AGGRESSIVE;
				CLANG_WARN_UNREACHABLE_CODE = YES;
				CLANG_WARN__DUPLICATE_METHOD_MATCH = YES;
				COPY_PHASE_STRIP = NO;
				DEBUG_INFORMATION_FORMAT = dwarf;
				ENABLE_STRICT_OBJC_MSGSEND = YES;
				ENABLE_TESTABILITY = YES;
				GCC_C_LANGUAGE_STANDARD = gnu11;
				GCC_DYNAMIC_NO_PIC = NO;
				GCC_NO_COMMON_BLOCKS = YES;
				GCC_OPTIMIZATION_LEVEL = 0;
				GCC_PREPROCESSOR_DEFINITIONS = (
					"DEBUG=1",
					"$(inherited)",
				);
				GCC_WARN_64_TO_32_BIT_CONVERSION = YES;
				GCC_WARN_ABOUT_RETURN_TYPE = YES_ERROR;
				GCC_WARN_UNDECLARED_SELECTOR = YES;
				GCC_WARN_UNINITIALIZED_AUTOS = YES_AGGRESSIVE;
				GCC_WARN_UNUSED_FUNCTION = YES;
				GCC_WARN_UNUSED_VARIABLE = YES;
				IPHONEOS_DEPLOYMENT_TARGET = 16.1;
				MTL_ENABLE_DEBUG_INFO = INCLUDE_SOURCE;
				MTL_FAST_MATH = YES;
				ONLY_ACTIVE_ARCH = YES;
				SDKROOT = iphoneos;
				SWIFT_ACTIVE_COMPILATION_CONDITIONS = DEBUG;
				SWIFT_OPTIMIZATION_LEVEL = "-Onone";
			};
			name = Debug;
		};
		8F6A1595291DFDF200751720 /* Release */ = {
			isa = XCBuildConfiguration;
			buildSettings = {
				ALWAYS_SEARCH_USER_PATHS = NO;
				CLANG_ANALYZER_NONNULL = YES;
				CLANG_ANALYZER_NUMBER_OBJECT_CONVERSION = YES_AGGRESSIVE;
				CLANG_CXX_LANGUAGE_STANDARD = "gnu++20";
				CLANG_ENABLE_MODULES = YES;
				CLANG_ENABLE_OBJC_ARC = YES;
				CLANG_ENABLE_OBJC_WEAK = YES;
				CLANG_WARN_BLOCK_CAPTURE_AUTORELEASING = YES;
				CLANG_WARN_BOOL_CONVERSION = YES;
				CLANG_WARN_COMMA = YES;
				CLANG_WARN_CONSTANT_CONVERSION = YES;
				CLANG_WARN_DEPRECATED_OBJC_IMPLEMENTATIONS = YES;
				CLANG_WARN_DIRECT_OBJC_ISA_USAGE = YES_ERROR;
				CLANG_WARN_DOCUMENTATION_COMMENTS = YES;
				CLANG_WARN_EMPTY_BODY = YES;
				CLANG_WARN_ENUM_CONVERSION = YES;
				CLANG_WARN_INFINITE_RECURSION = YES;
				CLANG_WARN_INT_CONVERSION = YES;
				CLANG_WARN_NON_LITERAL_NULL_CONVERSION = YES;
				CLANG_WARN_OBJC_IMPLICIT_RETAIN_SELF = YES;
				CLANG_WARN_OBJC_LITERAL_CONVERSION = YES;
				CLANG_WARN_OBJC_ROOT_CLASS = YES_ERROR;
				CLANG_WARN_QUOTED_INCLUDE_IN_FRAMEWORK_HEADER = YES;
				CLANG_WARN_RANGE_LOOP_ANALYSIS = YES;
				CLANG_WARN_STRICT_PROTOTYPES = YES;
				CLANG_WARN_SUSPICIOUS_MOVE = YES;
				CLANG_WARN_UNGUARDED_AVAILABILITY = YES_AGGRESSIVE;
				CLANG_WARN_UNREACHABLE_CODE = YES;
				CLANG_WARN__DUPLICATE_METHOD_MATCH = YES;
				COPY_PHASE_STRIP = NO;
				DEBUG_INFORMATION_FORMAT = "dwarf-with-dsym";
				ENABLE_NS_ASSERTIONS = NO;
				ENABLE_STRICT_OBJC_MSGSEND = YES;
				GCC_C_LANGUAGE_STANDARD = gnu11;
				GCC_NO_COMMON_BLOCKS = YES;
				GCC_WARN_64_TO_32_BIT_CONVERSION = YES;
				GCC_WARN_ABOUT_RETURN_TYPE = YES_ERROR;
				GCC_WARN_UNDECLARED_SELECTOR = YES;
				GCC_WARN_UNINITIALIZED_AUTOS = YES_AGGRESSIVE;
				GCC_WARN_UNUSED_FUNCTION = YES;
				GCC_WARN_UNUSED_VARIABLE = YES;
				IPHONEOS_DEPLOYMENT_TARGET = 16.1;
				MTL_ENABLE_DEBUG_INFO = NO;
				MTL_FAST_MATH = YES;
				SDKROOT = iphoneos;
				SWIFT_COMPILATION_MODE = wholemodule;
				SWIFT_OPTIMIZATION_LEVEL = "-O";
				VALIDATE_PRODUCT = YES;
			};
			name = Release;
		};
		8F6A1597291DFDF200751720 /* Debug */ = {
			isa = XCBuildConfiguration;
			buildSettings = {
				ASSETCATALOG_COMPILER_APPICON_NAME = AppIcon;
				ASSETCATALOG_COMPILER_GLOBAL_ACCENT_COLOR_NAME = AccentColor;
				CODE_SIGN_STYLE = Automatic;
				CURRENT_PROJECT_VERSION = 1;
				DEVELOPMENT_TEAM = 438AKY2D4G;
				GENERATE_INFOPLIST_FILE = YES;
				INFOPLIST_FILE = TableViewNib/Info.plist;
				INFOPLIST_KEY_UIApplicationSupportsIndirectInputEvents = YES;
				INFOPLIST_KEY_UILaunchStoryboardName = LaunchScreen;
				INFOPLIST_KEY_UIMainStoryboardFile = Main;
				INFOPLIST_KEY_UISupportedInterfaceOrientations_iPad = "UIInterfaceOrientationPortrait UIInterfaceOrientationPortraitUpsideDown UIInterfaceOrientationLandscapeLeft UIInterfaceOrientationLandscapeRight";
				INFOPLIST_KEY_UISupportedInterfaceOrientations_iPhone = "UIInterfaceOrientationPortrait UIInterfaceOrientationLandscapeLeft UIInterfaceOrientationLandscapeRight";
				LD_RUNPATH_SEARCH_PATHS = (
					"$(inherited)",
					"@executable_path/Frameworks",
				);
				MARKETING_VERSION = 1.0;
				PRODUCT_BUNDLE_IDENTIFIER = com.hsuuuk.TableViewNib;
				PRODUCT_NAME = "$(TARGET_NAME)";
				SWIFT_EMIT_LOC_STRINGS = YES;
				SWIFT_VERSION = 5.0;
				TARGETED_DEVICE_FAMILY = "1,2";
			};
			name = Debug;
		};
		8F6A1598291DFDF200751720 /* Release */ = {
			isa = XCBuildConfiguration;
			buildSettings = {
				ASSETCATALOG_COMPILER_APPICON_NAME = AppIcon;
				ASSETCATALOG_COMPILER_GLOBAL_ACCENT_COLOR_NAME = AccentColor;
				CODE_SIGN_STYLE = Automatic;
				CURRENT_PROJECT_VERSION = 1;
				DEVELOPMENT_TEAM = 438AKY2D4G;
				GENERATE_INFOPLIST_FILE = YES;
				INFOPLIST_FILE = TableViewNib/Info.plist;
				INFOPLIST_KEY_UIApplicationSupportsIndirectInputEvents = YES;
				INFOPLIST_KEY_UILaunchStoryboardName = LaunchScreen;
				INFOPLIST_KEY_UIMainStoryboardFile = Main;
				INFOPLIST_KEY_UISupportedInterfaceOrientations_iPad = "UIInterfaceOrientationPortrait UIInterfaceOrientationPortraitUpsideDown UIInterfaceOrientationLandscapeLeft UIInterfaceOrientationLandscapeRight";
				INFOPLIST_KEY_UISupportedInterfaceOrientations_iPhone = "UIInterfaceOrientationPortrait UIInterfaceOrientationLandscapeLeft UIInterfaceOrientationLandscapeRight";
				LD_RUNPATH_SEARCH_PATHS = (
					"$(inherited)",
					"@executable_path/Frameworks",
				);
				MARKETING_VERSION = 1.0;
				PRODUCT_BUNDLE_IDENTIFIER = com.hsuuuk.TableViewNib;
				PRODUCT_NAME = "$(TARGET_NAME)";
				SWIFT_EMIT_LOC_STRINGS = YES;
				SWIFT_VERSION = 5.0;
				TARGETED_DEVICE_FAMILY = "1,2";
			};
			name = Release;
		};
/* End XCBuildConfiguration section */

/* Begin XCConfigurationList section */
		8F6A157D291DFDF000751720 /* Build configuration list for PBXProject "TableViewNib" */ = {
			isa = XCConfigurationList;
			buildConfigurations = (
				8F6A1594291DFDF200751720 /* Debug */,
				8F6A1595291DFDF200751720 /* Release */,
			);
			defaultConfigurationIsVisible = 0;
			defaultConfigurationName = Release;
		};
		8F6A1596291DFDF200751720 /* Build configuration list for PBXNativeTarget "TableViewNib" */ = {
			isa = XCConfigurationList;
			buildConfigurations = (
				8F6A1597291DFDF200751720 /* Debug */,
				8F6A1598291DFDF200751720 /* Release */,
			);
			defaultConfigurationIsVisible = 0;
			defaultConfigurationName = Release;
		};
/* End XCConfigurationList section */
	};
	rootObject = 8F6A157A291DFDF000751720 /* Project object */;
}
