// !$*UTF8*$!
{
	archiveVersion = 1;
	classes = {
	};
	objectVersion = 56;
	objects = {

/* Begin PBXBuildFile section */
		8F4BDA0829877A5900E90A49 /* AppDelegate.swift in Sources */ = {isa = PBXBuildFile; fileRef = 8F4BDA0729877A5900E90A49 /* AppDelegate.swift */; };
		8F4BDA0A29877A5900E90A49 /* SceneDelegate.swift in Sources */ = {isa = PBXBuildFile; fileRef = 8F4BDA0929877A5900E90A49 /* SceneDelegate.swift */; };
		8F4BDA0C29877A5900E90A49 /* ViewController.swift in Sources */ = {isa = PBXBuildFile; fileRef = 8F4BDA0B29877A5900E90A49 /* ViewController.swift */; };
		8F4BDA0F29877A5900E90A49 /* Main.storyboard in Resources */ = {isa = PBXBuildFile; fileRef = 8F4BDA0D29877A5900E90A49 /* Main.storyboard */; };
		8F4BDA1229877A5900E90A49 /* SendDataNotification.xcdatamodeld in Sources */ = {isa = PBXBuildFile; fileRef = 8F4BDA1029877A5900E90A49 /* SendDataNotification.xcdatamodeld */; };
		8F4BDA1429877A5A00E90A49 /* Assets.xcassets in Resources */ = {isa = PBXBuildFile; fileRef = 8F4BDA1329877A5A00E90A49 /* Assets.xcassets */; };
		8F4BDA1729877A5A00E90A49 /* LaunchScreen.storyboard in Resources */ = {isa = PBXBuildFile; fileRef = 8F4BDA1529877A5A00E90A49 /* LaunchScreen.storyboard */; };
		8F4BDA1F29877AF700E90A49 /* Cell.swift in Sources */ = {isa = PBXBuildFile; fileRef = 8F4BDA1E29877AF700E90A49 /* Cell.swift */; };
		8F4BDA2129877B0600E90A49 /* EditController.swift in Sources */ = {isa = PBXBuildFile; fileRef = 8F4BDA2029877B0500E90A49 /* EditController.swift */; };
		8F4BDA2329877B0D00E90A49 /* PlusController.swift in Sources */ = {isa = PBXBuildFile; fileRef = 8F4BDA2229877B0D00E90A49 /* PlusController.swift */; };
/* End PBXBuildFile section */

/* Begin PBXFileReference section */
		8F4BDA0429877A5900E90A49 /* SendDataNotification.app */ = {isa = PBXFileReference; explicitFileType = wrapper.application; includeInIndex = 0; path = SendDataNotification.app; sourceTree = BUILT_PRODUCTS_DIR; };
		8F4BDA0729877A5900E90A49 /* AppDelegate.swift */ = {isa = PBXFileReference; lastKnownFileType = sourcecode.swift; path = AppDelegate.swift; sourceTree = "<group>"; };
		8F4BDA0929877A5900E90A49 /* SceneDelegate.swift */ = {isa = PBXFileReference; lastKnownFileType = sourcecode.swift; path = SceneDelegate.swift; sourceTree = "<group>"; };
		8F4BDA0B29877A5900E90A49 /* ViewController.swift */ = {isa = PBXFileReference; lastKnownFileType = sourcecode.swift; path = ViewController.swift; sourceTree = "<group>"; };
		8F4BDA0E29877A5900E90A49 /* Base */ = {isa = PBXFileReference; lastKnownFileType = file.storyboard; name = Base; path = Base.lproj/Main.storyboard; sourceTree = "<group>"; };
		8F4BDA1129877A5900E90A49 /* SendDataNotification.xcdatamodel */ = {isa = PBXFileReference; lastKnownFileType = wrapper.xcdatamodel; path = SendDataNotification.xcdatamodel; sourceTree = "<group>"; };
		8F4BDA1329877A5A00E90A49 /* Assets.xcassets */ = {isa = PBXFileReference; lastKnownFileType = folder.assetcatalog; path = Assets.xcassets; sourceTree = "<group>"; };
		8F4BDA1629877A5A00E90A49 /* Base */ = {isa = PBXFileReference; lastKnownFileType = file.storyboard; name = Base; path = Base.lproj/LaunchScreen.storyboard; sourceTree = "<group>"; };
		8F4BDA1829877A5A00E90A49 /* Info.plist */ = {isa = PBXFileReference; lastKnownFileType = text.plist.xml; path = Info.plist; sourceTree = "<group>"; };
		8F4BDA1E29877AF700E90A49 /* Cell.swift */ = {isa = PBXFileReference; lastKnownFileType = sourcecode.swift; path = Cell.swift; sourceTree = "<group>"; };
		8F4BDA2029877B0500E90A49 /* EditController.swift */ = {isa = PBXFileReference; lastKnownFileType = sourcecode.swift; path = EditController.swift; sourceTree = "<group>"; };
		8F4BDA2229877B0D00E90A49 /* PlusController.swift */ = {isa = PBXFileReference; lastKnownFileType = sourcecode.swift; path = PlusController.swift; sourceTree = "<group>"; };
/* End PBXFileReference section */

/* Begin PBXFrameworksBuildPhase section */
		8F4BDA0129877A5900E90A49 /* Frameworks */ = {
			isa = PBXFrameworksBuildPhase;
			buildActionMask = 2147483647;
			files = (
			);
			runOnlyForDeploymentPostprocessing = 0;
		};
/* End PBXFrameworksBuildPhase section */

/* Begin PBXGroup section */
		8F4BD9FB29877A5900E90A49 = {
			isa = PBXGroup;
			children = (
				8F4BDA0629877A5900E90A49 /* SendDataNotification */,
				8F4BDA0529877A5900E90A49 /* Products */,
			);
			sourceTree = "<group>";
		};
		8F4BDA0529877A5900E90A49 /* Products */ = {
			isa = PBXGroup;
			children = (
				8F4BDA0429877A5900E90A49 /* SendDataNotification.app */,
			);
			name = Products;
			sourceTree = "<group>";
		};
		8F4BDA0629877A5900E90A49 /* SendDataNotification */ = {
			isa = PBXGroup;
			children = (
				8F4BDA0729877A5900E90A49 /* AppDelegate.swift */,
				8F4BDA0929877A5900E90A49 /* SceneDelegate.swift */,
				8F4BDA1E29877AF700E90A49 /* Cell.swift */,
				8F4BDA0B29877A5900E90A49 /* ViewController.swift */,
				8F4BDA2029877B0500E90A49 /* EditController.swift */,
				8F4BDA2229877B0D00E90A49 /* PlusController.swift */,
				8F4BDA0D29877A5900E90A49 /* Main.storyboard */,
				8F4BDA1329877A5A00E90A49 /* Assets.xcassets */,
				8F4BDA1529877A5A00E90A49 /* LaunchScreen.storyboard */,
				8F4BDA1829877A5A00E90A49 /* Info.plist */,
				8F4BDA1029877A5900E90A49 /* SendDataNotification.xcdatamodeld */,
			);
			path = SendDataNotification;
			sourceTree = "<group>";
		};
/* End PBXGroup section */

/* Begin PBXNativeTarget section */
		8F4BDA0329877A5900E90A49 /* SendDataNotification */ = {
			isa = PBXNativeTarget;
			buildConfigurationList = 8F4BDA1B29877A5A00E90A49 /* Build configuration list for PBXNativeTarget "SendDataNotification" */;
			buildPhases = (
				8F4BDA0029877A5900E90A49 /* Sources */,
				8F4BDA0129877A5900E90A49 /* Frameworks */,
				8F4BDA0229877A5900E90A49 /* Resources */,
			);
			buildRules = (
			);
			dependencies = (
			);
			name = SendDataNotification;
			productName = SendDataNotification;
			productReference = 8F4BDA0429877A5900E90A49 /* SendDataNotification.app */;
			productType = "com.apple.product-type.application";
		};
/* End PBXNativeTarget section */

/* Begin PBXProject section */
		8F4BD9FC29877A5900E90A49 /* Project object */ = {
			isa = PBXProject;
			attributes = {
				BuildIndependentTargetsInParallel = 1;
				LastSwiftUpdateCheck = 1420;
				LastUpgradeCheck = 1420;
				TargetAttributes = {
					8F4BDA0329877A5900E90A49 = {
						CreatedOnToolsVersion = 14.2;
					};
				};
			};
			buildConfigurationList = 8F4BD9FF29877A5900E90A49 /* Build configuration list for PBXProject "SendDataNotification" */;
			compatibilityVersion = "Xcode 14.0";
			developmentRegion = en;
			hasScannedForEncodings = 0;
			knownRegions = (
				en,
				Base,
			);
			mainGroup = 8F4BD9FB29877A5900E90A49;
			productRefGroup = 8F4BDA0529877A5900E90A49 /* Products */;
			projectDirPath = "";
			projectRoot = "";
			targets = (
				8F4BDA0329877A5900E90A49 /* SendDataNotification */,
			);
		};
/* End PBXProject section */

/* Begin PBXResourcesBuildPhase section */
		8F4BDA0229877A5900E90A49 /* Resources */ = {
			isa = PBXResourcesBuildPhase;
			buildActionMask = 2147483647;
			files = (
				8F4BDA1729877A5A00E90A49 /* LaunchScreen.storyboard in Resources */,
				8F4BDA1429877A5A00E90A49 /* Assets.xcassets in Resources */,
				8F4BDA0F29877A5900E90A49 /* Main.storyboard in Resources */,
			);
			runOnlyForDeploymentPostprocessing = 0;
		};
/* End PBXResourcesBuildPhase section */

/* Begin PBXSourcesBuildPhase section */
		8F4BDA0029877A5900E90A49 /* Sources */ = {
			isa = PBXSourcesBuildPhase;
			buildActionMask = 2147483647;
			files = (
				8F4BDA1229877A5900E90A49 /* SendDataNotification.xcdatamodeld in Sources */,
				8F4BDA2129877B0600E90A49 /* EditController.swift in Sources */,
				8F4BDA0C29877A5900E90A49 /* ViewController.swift in Sources */,
				8F4BDA1F29877AF700E90A49 /* Cell.swift in Sources */,
				8F4BDA0829877A5900E90A49 /* AppDelegate.swift in Sources */,
				8F4BDA2329877B0D00E90A49 /* PlusController.swift in Sources */,
				8F4BDA0A29877A5900E90A49 /* SceneDelegate.swift in Sources */,
			);
			runOnlyForDeploymentPostprocessing = 0;
		};
/* End PBXSourcesBuildPhase section */

/* Begin PBXVariantGroup section */
		8F4BDA0D29877A5900E90A49 /* Main.storyboard */ = {
			isa = PBXVariantGroup;
			children = (
				8F4BDA0E29877A5900E90A49 /* Base */,
			);
			name = Main.storyboard;
			sourceTree = "<group>";
		};
		8F4BDA1529877A5A00E90A49 /* LaunchScreen.storyboard */ = {
			isa = PBXVariantGroup;
			children = (
				8F4BDA1629877A5A00E90A49 /* Base */,
			);
			name = LaunchScreen.storyboard;
			sourceTree = "<group>";
		};
/* End PBXVariantGroup section */

/* Begin XCBuildConfiguration section */
		8F4BDA1929877A5A00E90A49 /* Debug */ = {
			isa = XCBuildConfiguration;
			buildSettings = {
				ALWAYS_SEARCH_USER_PATHS = NO;
				CLANG_ANALYZER_NONNULL = YES;
				CLANG_ANALYZER_NUMBER_OBJECT_CONVERSION = YES_AGGRESSIVE;
				CLANG_CXX_LANGUAGE_STANDARD = "gnu++20";
				CLANG_ENABLE_MODULES = YES;
				CLANG_ENABLE_OBJC_ARC = YES;
				CLANG_ENABLE_OBJC_WEAK = YES;
				CLANG_WARN_BLOCK_CAPTURE_AUTORELEASING = YES;
				CLANG_WARN_BOOL_CONVERSION = YES;
				CLANG_WARN_COMMA = YES;
				CLANG_WARN_CONSTANT_CONVERSION = YES;
				CLANG_WARN_DEPRECATED_OBJC_IMPLEMENTATIONS = YES;
				CLANG_WARN_DIRECT_OBJC_ISA_USAGE = YES_ERROR;
				CLANG_WARN_DOCUMENTATION_COMMENTS = YES;
				CLANG_WARN_EMPTY_BODY = YES;
				CLANG_WARN_ENUM_CONVERSION = YES;
				CLANG_WARN_INFINITE_RECURSION = YES;
				CLANG_WARN_INT_CONVERSION = YES;
				CLANG_WARN_NON_LITERAL_NULL_CONVERSION = YES;
				CLANG_WARN_OBJC_IMPLICIT_RETAIN_SELF = YES;
				CLANG_WARN_OBJC_LITERAL_CONVERSION = YES;
				CLANG_WARN_OBJC_ROOT_CLASS = YES_ERROR;
				CLANG_WARN_QUOTED_INCLUDE_IN_FRAMEWORK_HEADER = YES;
				CLANG_WARN_RANGE_LOOP_ANALYSIS = YES;
				CLANG_WARN_STRICT_PROTOTYPES = YES;
				CLANG_WARN_SUSPICIOUS_MOVE = YES;
				CLANG_WARN_UNGUARDED_AVAILABILITY = YES_AGGRESSIVE;
				CLANG_WARN_UNREACHABLE_CODE = YES;
				CLANG_WARN__DUPLICATE_METHOD_MATCH = YES;
				COPY_PHASE_STRIP = NO;
				DEBUG_INFORMATION_FORMAT = dwarf;
				ENABLE_STRICT_OBJC_MSGSEND = YES;
				ENABLE_TESTABILITY = YES;
				GCC_C_LANGUAGE_STANDARD = gnu11;
				GCC_DYNAMIC_NO_PIC = NO;
				GCC_NO_COMMON_BLOCKS = YES;
				GCC_OPTIMIZATION_LEVEL = 0;
				GCC_PREPROCESSOR_DEFINITIONS = (
					"DEBUG=1",
					"$(inherited)",
				);
				GCC_WARN_64_TO_32_BIT_CONVERSION = YES;
				GCC_WARN_ABOUT_RETURN_TYPE = YES_ERROR;
				GCC_WARN_UNDECLARED_SELECTOR = YES;
				GCC_WARN_UNINITIALIZED_AUTOS = YES_AGGRESSIVE;
				GCC_WARN_UNUSED_FUNCTION = YES;
				GCC_WARN_UNUSED_VARIABLE = YES;
				IPHONEOS_DEPLOYMENT_TARGET = 16.2;
				MTL_ENABLE_DEBUG_INFO = INCLUDE_SOURCE;
				MTL_FAST_MATH = YES;
				ONLY_ACTIVE_ARCH = YES;
				SDKROOT = iphoneos;
				SWIFT_ACTIVE_COMPILATION_CONDITIONS = DEBUG;
				SWIFT_OPTIMIZATION_LEVEL = "-Onone";
			};
			name = Debug;
		};
		8F4BDA1A29877A5A00E90A49 /* Release */ = {
			isa = XCBuildConfiguration;
			buildSettings = {
				ALWAYS_SEARCH_USER_PATHS = NO;
				CLANG_ANALYZER_NONNULL = YES;
				CLANG_ANALYZER_NUMBER_OBJECT_CONVERSION = YES_AGGRESSIVE;
				CLANG_CXX_LANGUAGE_STANDARD = "gnu++20";
				CLANG_ENABLE_MODULES = YES;
				CLANG_ENABLE_OBJC_ARC = YES;
				CLANG_ENABLE_OBJC_WEAK = YES;
				CLANG_WARN_BLOCK_CAPTURE_AUTORELEASING = YES;
				CLANG_WARN_BOOL_CONVERSION = YES;
				CLANG_WARN_COMMA = YES;
				CLANG_WARN_CONSTANT_CONVERSION = YES;
				CLANG_WARN_DEPRECATED_OBJC_IMPLEMENTATIONS = YES;
				CLANG_WARN_DIRECT_OBJC_ISA_USAGE = YES_ERROR;
				CLANG_WARN_DOCUMENTATION_COMMENTS = YES;
				CLANG_WARN_EMPTY_BODY = YES;
				CLANG_WARN_ENUM_CONVERSION = YES;
				CLANG_WARN_INFINITE_RECURSION = YES;
				CLANG_WARN_INT_CONVERSION = YES;
				CLANG_WARN_NON_LITERAL_NULL_CONVERSION = YES;
				CLANG_WARN_OBJC_IMPLICIT_RETAIN_SELF = YES;
				CLANG_WARN_OBJC_LITERAL_CONVERSION = YES;
				CLANG_WARN_OBJC_ROOT_CLASS = YES_ERROR;
				CLANG_WARN_QUOTED_INCLUDE_IN_FRAMEWORK_HEADER = YES;
				CLANG_WARN_RANGE_LOOP_ANALYSIS = YES;
				CLANG_WARN_STRICT_PROTOTYPES = YES;
				CLANG_WARN_SUSPICIOUS_MOVE = YES;
				CLANG_WARN_UNGUARDED_AVAILABILITY = YES_AGGRESSIVE;
				CLANG_WARN_UNREACHABLE_CODE = YES;
				CLANG_WARN__DUPLICATE_METHOD_MATCH = YES;
				COPY_PHASE_STRIP = NO;
				DEBUG_INFORMATION_FORMAT = "dwarf-with-dsym";
				ENABLE_NS_ASSERTIONS = NO;
				ENABLE_STRICT_OBJC_MSGSEND = YES;
				GCC_C_LANGUAGE_STANDARD = gnu11;
				GCC_NO_COMMON_BLOCKS = YES;
				GCC_WARN_64_TO_32_BIT_CONVERSION = YES;
				GCC_WARN_ABOUT_RETURN_TYPE = YES_ERROR;
				GCC_WARN_UNDECLARED_SELECTOR = YES;
				GCC_WARN_UNINITIALIZED_AUTOS = YES_AGGRESSIVE;
				GCC_WARN_UNUSED_FUNCTION = YES;
				GCC_WARN_UNUSED_VARIABLE = YES;
				IPHONEOS_DEPLOYMENT_TARGET = 16.2;
				MTL_ENABLE_DEBUG_INFO = NO;
				MTL_FAST_MATH = YES;
				SDKROOT = iphoneos;
				SWIFT_COMPILATION_MODE = wholemodule;
				SWIFT_OPTIMIZATION_LEVEL = "-O";
				VALIDATE_PRODUCT = YES;
			};
			name = Release;
		};
		8F4BDA1C29877A5A00E90A49 /* Debug */ = {
			isa = XCBuildConfiguration;
			buildSettings = {
				ASSETCATALOG_COMPILER_APPICON_NAME = AppIcon;
				ASSETCATALOG_COMPILER_GLOBAL_ACCENT_COLOR_NAME = AccentColor;
				CODE_SIGN_STYLE = Automatic;
				CURRENT_PROJECT_VERSION = 1;
				DEVELOPMENT_TEAM = 438AKY2D4G;
				GENERATE_INFOPLIST_FILE = YES;
				INFOPLIST_FILE = SendDataNotification/Info.plist;
				INFOPLIST_KEY_UIApplicationSupportsIndirectInputEvents = YES;
				INFOPLIST_KEY_UILaunchStoryboardName = LaunchScreen;
				INFOPLIST_KEY_UIMainStoryboardFile = Main;
				INFOPLIST_KEY_UISupportedInterfaceOrientations_iPad = "UIInterfaceOrientationPortrait UIInterfaceOrientationPortraitUpsideDown UIInterfaceOrientationLandscapeLeft UIInterfaceOrientationLandscapeRight";
				INFOPLIST_KEY_UISupportedInterfaceOrientations_iPhone = "UIInterfaceOrientationPortrait UIInterfaceOrientationLandscapeLeft UIInterfaceOrientationLandscapeRight";
				LD_RUNPATH_SEARCH_PATHS = (
					"$(inherited)",
					"@executable_path/Frameworks",
				);
				MARKETING_VERSION = 1.0;
				PRODUCT_BUNDLE_IDENTIFIER = com.hsuuuk.SendDataNotification;
				PRODUCT_NAME = "$(TARGET_NAME)";
				SWIFT_EMIT_LOC_STRINGS = YES;
				SWIFT_VERSION = 5.0;
				TARGETED_DEVICE_FAMILY = "1,2";
			};
			name = Debug;
		};
		8F4BDA1D29877A5A00E90A49 /* Release */ = {
			isa = XCBuildConfiguration;
			buildSettings = {
				ASSETCATALOG_COMPILER_APPICON_NAME = AppIcon;
				ASSETCATALOG_COMPILER_GLOBAL_ACCENT_COLOR_NAME = AccentColor;
				CODE_SIGN_STYLE = Automatic;
				CURRENT_PROJECT_VERSION = 1;
				DEVELOPMENT_TEAM = 438AKY2D4G;
				GENERATE_INFOPLIST_FILE = YES;
				INFOPLIST_FILE = SendDataNotification/Info.plist;
				INFOPLIST_KEY_UIApplicationSupportsIndirectInputEvents = YES;
				INFOPLIST_KEY_UILaunchStoryboardName = LaunchScreen;
				INFOPLIST_KEY_UIMainStoryboardFile = Main;
				INFOPLIST_KEY_UISupportedInterfaceOrientations_iPad = "UIInterfaceOrientationPortrait UIInterfaceOrientationPortraitUpsideDown UIInterfaceOrientationLandscapeLeft UIInterfaceOrientationLandscapeRight";
				INFOPLIST_KEY_UISupportedInterfaceOrientations_iPhone = "UIInterfaceOrientationPortrait UIInterfaceOrientationLandscapeLeft UIInterfaceOrientationLandscapeRight";
				LD_RUNPATH_SEARCH_PATHS = (
					"$(inherited)",
					"@executable_path/Frameworks",
				);
				MARKETING_VERSION = 1.0;
				PRODUCT_BUNDLE_IDENTIFIER = com.hsuuuk.SendDataNotification;
				PRODUCT_NAME = "$(TARGET_NAME)";
				SWIFT_EMIT_LOC_STRINGS = YES;
				SWIFT_VERSION = 5.0;
				TARGETED_DEVICE_FAMILY = "1,2";
			};
			name = Release;
		};
/* End XCBuildConfiguration section */

/* Begin XCConfigurationList section */
		8F4BD9FF29877A5900E90A49 /* Build configuration list for PBXProject "SendDataNotification" */ = {
			isa = XCConfigurationList;
			buildConfigurations = (
				8F4BDA1929877A5A00E90A49 /* Debug */,
				8F4BDA1A29877A5A00E90A49 /* Release */,
			);
			defaultConfigurationIsVisible = 0;
			defaultConfigurationName = Release;
		};
		8F4BDA1B29877A5A00E90A49 /* Build configuration list for PBXNativeTarget "SendDataNotification" */ = {
			isa = XCConfigurationList;
			buildConfigurations = (
				8F4BDA1C29877A5A00E90A49 /* Debug */,
				8F4BDA1D29877A5A00E90A49 /* Release */,
			);
			defaultConfigurationIsVisible = 0;
			defaultConfigurationName = Release;
		};
/* End XCConfigurationList section */

/* Begin XCVersionGroup section */
		8F4BDA1029877A5900E90A49 /* SendDataNotification.xcdatamodeld */ = {
			isa = XCVersionGroup;
			children = (
				8F4BDA1129877A5900E90A49 /* SendDataNotification.xcdatamodel */,
			);
			currentVersion = 8F4BDA1129877A5900E90A49 /* SendDataNotification.xcdatamodel */;
			path = SendDataNotification.xcdatamodeld;
			sourceTree = "<group>";
			versionGroupType = wrapper.xcdatamodel;
		};
/* End XCVersionGroup section */
	};
	rootObject = 8F4BD9FC29877A5900E90A49 /* Project object */;
}
