// !$*UTF8*$!
{
	archiveVersion = 1;
	classes = {
	};
	objectVersion = 56;
	objects = {

/* Begin PBXBuildFile section */
		8F4BDA312987C08F00E90A49 /* AppDelegate.swift in Sources */ = {isa = PBXBuildFile; fileRef = 8F4BDA302987C08F00E90A49 /* AppDelegate.swift */; };
		8F4BDA332987C08F00E90A49 /* SceneDelegate.swift in Sources */ = {isa = PBXBuildFile; fileRef = 8F4BDA322987C08F00E90A49 /* SceneDelegate.swift */; };
		8F4BDA352987C08F00E90A49 /* ViewController.swift in Sources */ = {isa = PBXBuildFile; fileRef = 8F4BDA342987C08F00E90A49 /* ViewController.swift */; };
		8F4BDA382987C08F00E90A49 /* Main.storyboard in Resources */ = {isa = PBXBuildFile; fileRef = 8F4BDA362987C08F00E90A49 /* Main.storyboard */; };
		8F4BDA3B2987C08F00E90A49 /* sendDataClosure.xcdatamodeld in Sources */ = {isa = PBXBuildFile; fileRef = 8F4BDA392987C08F00E90A49 /* sendDataClosure.xcdatamodeld */; };
		8F4BDA3D2987C09100E90A49 /* Assets.xcassets in Resources */ = {isa = PBXBuildFile; fileRef = 8F4BDA3C2987C09100E90A49 /* Assets.xcassets */; };
		8F4BDA402987C09100E90A49 /* LaunchScreen.storyboard in Resources */ = {isa = PBXBuildFile; fileRef = 8F4BDA3E2987C09100E90A49 /* LaunchScreen.storyboard */; };
		8FBA0C40298BE52600715536 /* Cell.swift in Sources */ = {isa = PBXBuildFile; fileRef = 8FBA0C3F298BE52600715536 /* Cell.swift */; };
		8FBA0C42298BE56D00715536 /* EditController.swift in Sources */ = {isa = PBXBuildFile; fileRef = 8FBA0C41298BE56D00715536 /* EditController.swift */; };
		8FBA0C44298BE59100715536 /* PlusController.swift in Sources */ = {isa = PBXBuildFile; fileRef = 8FBA0C43298BE59100715536 /* PlusController.swift */; };
		8FBA0C46298BF8A800715536 /* Data.swift in Sources */ = {isa = PBXBuildFile; fileRef = 8FBA0C45298BF8A800715536 /* Data.swift */; };
/* End PBXBuildFile section */

/* Begin PBXFileReference section */
		8F4BDA2D2987C08F00E90A49 /* sendDataClosure.app */ = {isa = PBXFileReference; explicitFileType = wrapper.application; includeInIndex = 0; path = sendDataClosure.app; sourceTree = BUILT_PRODUCTS_DIR; };
		8F4BDA302987C08F00E90A49 /* AppDelegate.swift */ = {isa = PBXFileReference; lastKnownFileType = sourcecode.swift; path = AppDelegate.swift; sourceTree = "<group>"; };
		8F4BDA322987C08F00E90A49 /* SceneDelegate.swift */ = {isa = PBXFileReference; lastKnownFileType = sourcecode.swift; path = SceneDelegate.swift; sourceTree = "<group>"; };
		8F4BDA342987C08F00E90A49 /* ViewController.swift */ = {isa = PBXFileReference; lastKnownFileType = sourcecode.swift; path = ViewController.swift; sourceTree = "<group>"; };
		8F4BDA372987C08F00E90A49 /* Base */ = {isa = PBXFileReference; lastKnownFileType = file.storyboard; name = Base; path = Base.lproj/Main.storyboard; sourceTree = "<group>"; };
		8F4BDA3A2987C08F00E90A49 /* sendDataClosure.xcdatamodel */ = {isa = PBXFileReference; lastKnownFileType = wrapper.xcdatamodel; path = sendDataClosure.xcdatamodel; sourceTree = "<group>"; };
		8F4BDA3C2987C09100E90A49 /* Assets.xcassets */ = {isa = PBXFileReference; lastKnownFileType = folder.assetcatalog; path = Assets.xcassets; sourceTree = "<group>"; };
		8F4BDA3F2987C09100E90A49 /* Base */ = {isa = PBXFileReference; lastKnownFileType = file.storyboard; name = Base; path = Base.lproj/LaunchScreen.storyboard; sourceTree = "<group>"; };
		8F4BDA412987C09100E90A49 /* Info.plist */ = {isa = PBXFileReference; lastKnownFileType = text.plist.xml; path = Info.plist; sourceTree = "<group>"; };
		8FBA0C3F298BE52600715536 /* Cell.swift */ = {isa = PBXFileReference; lastKnownFileType = sourcecode.swift; path = Cell.swift; sourceTree = "<group>"; };
		8FBA0C41298BE56D00715536 /* EditController.swift */ = {isa = PBXFileReference; lastKnownFileType = sourcecode.swift; path = EditController.swift; sourceTree = "<group>"; };
		8FBA0C43298BE59100715536 /* PlusController.swift */ = {isa = PBXFileReference; lastKnownFileType = sourcecode.swift; path = PlusController.swift; sourceTree = "<group>"; };
		8FBA0C45298BF8A800715536 /* Data.swift */ = {isa = PBXFileReference; lastKnownFileType = sourcecode.swift; path = Data.swift; sourceTree = "<group>"; };
/* End PBXFileReference section */

/* Begin PBXFrameworksBuildPhase section */
		8F4BDA2A2987C08F00E90A49 /* Frameworks */ = {
			isa = PBXFrameworksBuildPhase;
			buildActionMask = 2147483647;
			files = (
			);
			runOnlyForDeploymentPostprocessing = 0;
		};
/* End PBXFrameworksBuildPhase section */

/* Begin PBXGroup section */
		8F4BDA242987C08F00E90A49 = {
			isa = PBXGroup;
			children = (
				8F4BDA2F2987C08F00E90A49 /* sendDataClosure */,
				8F4BDA2E2987C08F00E90A49 /* Products */,
			);
			sourceTree = "<group>";
		};
		8F4BDA2E2987C08F00E90A49 /* Products */ = {
			isa = PBXGroup;
			children = (
				8F4BDA2D2987C08F00E90A49 /* sendDataClosure.app */,
			);
			name = Products;
			sourceTree = "<group>";
		};
		8F4BDA2F2987C08F00E90A49 /* sendDataClosure */ = {
			isa = PBXGroup;
			children = (
				8F4BDA302987C08F00E90A49 /* AppDelegate.swift */,
				8F4BDA322987C08F00E90A49 /* SceneDelegate.swift */,
				8FBA0C45298BF8A800715536 /* Data.swift */,
				8FBA0C3F298BE52600715536 /* Cell.swift */,
				8F4BDA342987C08F00E90A49 /* ViewController.swift */,
				8FBA0C43298BE59100715536 /* PlusController.swift */,
				8FBA0C41298BE56D00715536 /* EditController.swift */,
				8F4BDA362987C08F00E90A49 /* Main.storyboard */,
				8F4BDA3C2987C09100E90A49 /* Assets.xcassets */,
				8F4BDA3E2987C09100E90A49 /* LaunchScreen.storyboard */,
				8F4BDA412987C09100E90A49 /* Info.plist */,
				8F4BDA392987C08F00E90A49 /* sendDataClosure.xcdatamodeld */,
			);
			path = sendDataClosure;
			sourceTree = "<group>";
		};
/* End PBXGroup section */

/* Begin PBXNativeTarget section */
		8F4BDA2C2987C08F00E90A49 /* sendDataClosure */ = {
			isa = PBXNativeTarget;
			buildConfigurationList = 8F4BDA442987C09100E90A49 /* Build configuration list for PBXNativeTarget "sendDataClosure" */;
			buildPhases = (
				8F4BDA292987C08F00E90A49 /* Sources */,
				8F4BDA2A2987C08F00E90A49 /* Frameworks */,
				8F4BDA2B2987C08F00E90A49 /* Resources */,
			);
			buildRules = (
			);
			dependencies = (
			);
			name = sendDataClosure;
			productName = sendDataClosure;
			productReference = 8F4BDA2D2987C08F00E90A49 /* sendDataClosure.app */;
			productType = "com.apple.product-type.application";
		};
/* End PBXNativeTarget section */

/* Begin PBXProject section */
		8F4BDA252987C08F00E90A49 /* Project object */ = {
			isa = PBXProject;
			attributes = {
				BuildIndependentTargetsInParallel = 1;
				LastSwiftUpdateCheck = 1420;
				LastUpgradeCheck = 1420;
				TargetAttributes = {
					8F4BDA2C2987C08F00E90A49 = {
						CreatedOnToolsVersion = 14.2;
					};
				};
			};
			buildConfigurationList = 8F4BDA282987C08F00E90A49 /* Build configuration list for PBXProject "sendDataClosure" */;
			compatibilityVersion = "Xcode 14.0";
			developmentRegion = en;
			hasScannedForEncodings = 0;
			knownRegions = (
				en,
				Base,
			);
			mainGroup = 8F4BDA242987C08F00E90A49;
			productRefGroup = 8F4BDA2E2987C08F00E90A49 /* Products */;
			projectDirPath = "";
			projectRoot = "";
			targets = (
				8F4BDA2C2987C08F00E90A49 /* sendDataClosure */,
			);
		};
/* End PBXProject section */

/* Begin PBXResourcesBuildPhase section */
		8F4BDA2B2987C08F00E90A49 /* Resources */ = {
			isa = PBXResourcesBuildPhase;
			buildActionMask = 2147483647;
			files = (
				8F4BDA402987C09100E90A49 /* LaunchScreen.storyboard in Resources */,
				8F4BDA3D2987C09100E90A49 /* Assets.xcassets in Resources */,
				8F4BDA382987C08F00E90A49 /* Main.storyboard in Resources */,
			);
			runOnlyForDeploymentPostprocessing = 0;
		};
/* End PBXResourcesBuildPhase section */

/* Begin PBXSourcesBuildPhase section */
		8F4BDA292987C08F00E90A49 /* Sources */ = {
			isa = PBXSourcesBuildPhase;
			buildActionMask = 2147483647;
			files = (
				8FBA0C44298BE59100715536 /* PlusController.swift in Sources */,
				8F4BDA352987C08F00E90A49 /* ViewController.swift in Sources */,
				8FBA0C42298BE56D00715536 /* EditController.swift in Sources */,
				8F4BDA3B2987C08F00E90A49 /* sendDataClosure.xcdatamodeld in Sources */,
				8FBA0C40298BE52600715536 /* Cell.swift in Sources */,
				8F4BDA312987C08F00E90A49 /* AppDelegate.swift in Sources */,
				8F4BDA332987C08F00E90A49 /* SceneDelegate.swift in Sources */,
				8FBA0C46298BF8A800715536 /* Data.swift in Sources */,
			);
			runOnlyForDeploymentPostprocessing = 0;
		};
/* End PBXSourcesBuildPhase section */

/* Begin PBXVariantGroup section */
		8F4BDA362987C08F00E90A49 /* Main.storyboard */ = {
			isa = PBXVariantGroup;
			children = (
				8F4BDA372987C08F00E90A49 /* Base */,
			);
			name = Main.storyboard;
			sourceTree = "<group>";
		};
		8F4BDA3E2987C09100E90A49 /* LaunchScreen.storyboard */ = {
			isa = PBXVariantGroup;
			children = (
				8F4BDA3F2987C09100E90A49 /* Base */,
			);
			name = LaunchScreen.storyboard;
			sourceTree = "<group>";
		};
/* End PBXVariantGroup section */

/* Begin XCBuildConfiguration section */
		8F4BDA422987C09100E90A49 /* Debug */ = {
			isa = XCBuildConfiguration;
			buildSettings = {
				ALWAYS_SEARCH_USER_PATHS = NO;
				CLANG_ANALYZER_NONNULL = YES;
				CLANG_ANALYZER_NUMBER_OBJECT_CONVERSION = YES_AGGRESSIVE;
				CLANG_CXX_LANGUAGE_STANDARD = "gnu++20";
				CLANG_ENABLE_MODULES = YES;
				CLANG_ENABLE_OBJC_ARC = YES;
				CLANG_ENABLE_OBJC_WEAK = YES;
				CLANG_WARN_BLOCK_CAPTURE_AUTORELEASING = YES;
				CLANG_WARN_BOOL_CONVERSION = YES;
				CLANG_WARN_COMMA = YES;
				CLANG_WARN_CONSTANT_CONVERSION = YES;
				CLANG_WARN_DEPRECATED_OBJC_IMPLEMENTATIONS = YES;
				CLANG_WARN_DIRECT_OBJC_ISA_USAGE = YES_ERROR;
				CLANG_WARN_DOCUMENTATION_COMMENTS = YES;
				CLANG_WARN_EMPTY_BODY = YES;
				CLANG_WARN_ENUM_CONVERSION = YES;
				CLANG_WARN_INFINITE_RECURSION = YES;
				CLANG_WARN_INT_CONVERSION = YES;
				CLANG_WARN_NON_LITERAL_NULL_CONVERSION = YES;
				CLANG_WARN_OBJC_IMPLICIT_RETAIN_SELF = YES;
				CLANG_WARN_OBJC_LITERAL_CONVERSION = YES;
				CLANG_WARN_OBJC_ROOT_CLASS = YES_ERROR;
				CLANG_WARN_QUOTED_INCLUDE_IN_FRAMEWORK_HEADER = YES;
				CLANG_WARN_RANGE_LOOP_ANALYSIS = YES;
				CLANG_WARN_STRICT_PROTOTYPES = YES;
				CLANG_WARN_SUSPICIOUS_MOVE = YES;
				CLANG_WARN_UNGUARDED_AVAILABILITY = YES_AGGRESSIVE;
				CLANG_WARN_UNREACHABLE_CODE = YES;
				CLANG_WARN__DUPLICATE_METHOD_MATCH = YES;
				COPY_PHASE_STRIP = NO;
				DEBUG_INFORMATION_FORMAT = dwarf;
				ENABLE_STRICT_OBJC_MSGSEND = YES;
				ENABLE_TESTABILITY = YES;
				GCC_C_LANGUAGE_STANDARD = gnu11;
				GCC_DYNAMIC_NO_PIC = NO;
				GCC_NO_COMMON_BLOCKS = YES;
				GCC_OPTIMIZATION_LEVEL = 0;
				GCC_PREPROCESSOR_DEFINITIONS = (
					"DEBUG=1",
					"$(inherited)",
				);
				GCC_WARN_64_TO_32_BIT_CONVERSION = YES;
				GCC_WARN_ABOUT_RETURN_TYPE = YES_ERROR;
				GCC_WARN_UNDECLARED_SELECTOR = YES;
				GCC_WARN_UNINITIALIZED_AUTOS = YES_AGGRESSIVE;
				GCC_WARN_UNUSED_FUNCTION = YES;
				GCC_WARN_UNUSED_VARIABLE = YES;
				IPHONEOS_DEPLOYMENT_TARGET = 16.2;
				MTL_ENABLE_DEBUG_INFO = INCLUDE_SOURCE;
				MTL_FAST_MATH = YES;
				ONLY_ACTIVE_ARCH = YES;
				SDKROOT = iphoneos;
				SWIFT_ACTIVE_COMPILATION_CONDITIONS = DEBUG;
				SWIFT_OPTIMIZATION_LEVEL = "-Onone";
			};
			name = Debug;
		};
		8F4BDA432987C09100E90A49 /* Release */ = {
			isa = XCBuildConfiguration;
			buildSettings = {
				ALWAYS_SEARCH_USER_PATHS = NO;
				CLANG_ANALYZER_NONNULL = YES;
				CLANG_ANALYZER_NUMBER_OBJECT_CONVERSION = YES_AGGRESSIVE;
				CLANG_CXX_LANGUAGE_STANDARD = "gnu++20";
				CLANG_ENABLE_MODULES = YES;
				CLANG_ENABLE_OBJC_ARC = YES;
				CLANG_ENABLE_OBJC_WEAK = YES;
				CLANG_WARN_BLOCK_CAPTURE_AUTORELEASING = YES;
				CLANG_WARN_BOOL_CONVERSION = YES;
				CLANG_WARN_COMMA = YES;
				CLANG_WARN_CONSTANT_CONVERSION = YES;
				CLANG_WARN_DEPRECATED_OBJC_IMPLEMENTATIONS = YES;
				CLANG_WARN_DIRECT_OBJC_ISA_USAGE = YES_ERROR;
				CLANG_WARN_DOCUMENTATION_COMMENTS = YES;
				CLANG_WARN_EMPTY_BODY = YES;
				CLANG_WARN_ENUM_CONVERSION = YES;
				CLANG_WARN_INFINITE_RECURSION = YES;
				CLANG_WARN_INT_CONVERSION = YES;
				CLANG_WARN_NON_LITERAL_NULL_CONVERSION = YES;
				CLANG_WARN_OBJC_IMPLICIT_RETAIN_SELF = YES;
				CLANG_WARN_OBJC_LITERAL_CONVERSION = YES;
				CLANG_WARN_OBJC_ROOT_CLASS = YES_ERROR;
				CLANG_WARN_QUOTED_INCLUDE_IN_FRAMEWORK_HEADER = YES;
				CLANG_WARN_RANGE_LOOP_ANALYSIS = YES;
				CLANG_WARN_STRICT_PROTOTYPES = YES;
				CLANG_WARN_SUSPICIOUS_MOVE = YES;
				CLANG_WARN_UNGUARDED_AVAILABILITY = YES_AGGRESSIVE;
				CLANG_WARN_UNREACHABLE_CODE = YES;
				CLANG_WARN__DUPLICATE_METHOD_MATCH = YES;
				COPY_PHASE_STRIP = NO;
				DEBUG_INFORMATION_FORMAT = "dwarf-with-dsym";
				ENABLE_NS_ASSERTIONS = NO;
				ENABLE_STRICT_OBJC_MSGSEND = YES;
				GCC_C_LANGUAGE_STANDARD = gnu11;
				GCC_NO_COMMON_BLOCKS = YES;
				GCC_WARN_64_TO_32_BIT_CONVERSION = YES;
				GCC_WARN_ABOUT_RETURN_TYPE = YES_ERROR;
				GCC_WARN_UNDECLARED_SELECTOR = YES;
				GCC_WARN_UNINITIALIZED_AUTOS = YES_AGGRESSIVE;
				GCC_WARN_UNUSED_FUNCTION = YES;
				GCC_WARN_UNUSED_VARIABLE = YES;
				IPHONEOS_DEPLOYMENT_TARGET = 16.2;
				MTL_ENABLE_DEBUG_INFO = NO;
				MTL_FAST_MATH = YES;
				SDKROOT = iphoneos;
				SWIFT_COMPILATION_MODE = wholemodule;
				SWIFT_OPTIMIZATION_LEVEL = "-O";
				VALIDATE_PRODUCT = YES;
			};
			name = Release;
		};
		8F4BDA452987C09100E90A49 /* Debug */ = {
			isa = XCBuildConfiguration;
			buildSettings = {
				ASSETCATALOG_COMPILER_APPICON_NAME = AppIcon;
				ASSETCATALOG_COMPILER_GLOBAL_ACCENT_COLOR_NAME = AccentColor;
				CODE_SIGN_STYLE = Automatic;
				CURRENT_PROJECT_VERSION = 1;
				DEVELOPMENT_TEAM = 438AKY2D4G;
				GENERATE_INFOPLIST_FILE = YES;
				INFOPLIST_FILE = sendDataClosure/Info.plist;
				INFOPLIST_KEY_UIApplicationSupportsIndirectInputEvents = YES;
				INFOPLIST_KEY_UILaunchStoryboardName = LaunchScreen;
				INFOPLIST_KEY_UIMainStoryboardFile = Main;
				INFOPLIST_KEY_UISupportedInterfaceOrientations_iPad = "UIInterfaceOrientationPortrait UIInterfaceOrientationPortraitUpsideDown UIInterfaceOrientationLandscapeLeft UIInterfaceOrientationLandscapeRight";
				INFOPLIST_KEY_UISupportedInterfaceOrientations_iPhone = "UIInterfaceOrientationPortrait UIInterfaceOrientationLandscapeLeft UIInterfaceOrientationLandscapeRight";
				LD_RUNPATH_SEARCH_PATHS = (
					"$(inherited)",
					"@executable_path/Frameworks",
				);
				MARKETING_VERSION = 1.0;
				PRODUCT_BUNDLE_IDENTIFIER = com.hsuuuk.sendDataClosure;
				PRODUCT_NAME = "$(TARGET_NAME)";
				SWIFT_EMIT_LOC_STRINGS = YES;
				SWIFT_VERSION = 5.0;
				TARGETED_DEVICE_FAMILY = "1,2";
			};
			name = Debug;
		};
		8F4BDA462987C09100E90A49 /* Release */ = {
			isa = XCBuildConfiguration;
			buildSettings = {
				ASSETCATALOG_COMPILER_APPICON_NAME = AppIcon;
				ASSETCATALOG_COMPILER_GLOBAL_ACCENT_COLOR_NAME = AccentColor;
				CODE_SIGN_STYLE = Automatic;
				CURRENT_PROJECT_VERSION = 1;
				DEVELOPMENT_TEAM = 438AKY2D4G;
				GENERATE_INFOPLIST_FILE = YES;
				INFOPLIST_FILE = sendDataClosure/Info.plist;
				INFOPLIST_KEY_UIApplicationSupportsIndirectInputEvents = YES;
				INFOPLIST_KEY_UILaunchStoryboardName = LaunchScreen;
				INFOPLIST_KEY_UIMainStoryboardFile = Main;
				INFOPLIST_KEY_UISupportedInterfaceOrientations_iPad = "UIInterfaceOrientationPortrait UIInterfaceOrientationPortraitUpsideDown UIInterfaceOrientationLandscapeLeft UIInterfaceOrientationLandscapeRight";
				INFOPLIST_KEY_UISupportedInterfaceOrientations_iPhone = "UIInterfaceOrientationPortrait UIInterfaceOrientationLandscapeLeft UIInterfaceOrientationLandscapeRight";
				LD_RUNPATH_SEARCH_PATHS = (
					"$(inherited)",
					"@executable_path/Frameworks",
				);
				MARKETING_VERSION = 1.0;
				PRODUCT_BUNDLE_IDENTIFIER = com.hsuuuk.sendDataClosure;
				PRODUCT_NAME = "$(TARGET_NAME)";
				SWIFT_EMIT_LOC_STRINGS = YES;
				SWIFT_VERSION = 5.0;
				TARGETED_DEVICE_FAMILY = "1,2";
			};
			name = Release;
		};
/* End XCBuildConfiguration section */

/* Begin XCConfigurationList section */
		8F4BDA282987C08F00E90A49 /* Build configuration list for PBXProject "sendDataClosure" */ = {
			isa = XCConfigurationList;
			buildConfigurations = (
				8F4BDA422987C09100E90A49 /* Debug */,
				8F4BDA432987C09100E90A49 /* Release */,
			);
			defaultConfigurationIsVisible = 0;
			defaultConfigurationName = Release;
		};
		8F4BDA442987C09100E90A49 /* Build configuration list for PBXNativeTarget "sendDataClosure" */ = {
			isa = XCConfigurationList;
			buildConfigurations = (
				8F4BDA452987C09100E90A49 /* Debug */,
				8F4BDA462987C09100E90A49 /* Release */,
			);
			defaultConfigurationIsVisible = 0;
			defaultConfigurationName = Release;
		};
/* End XCConfigurationList section */

/* Begin XCVersionGroup section */
		8F4BDA392987C08F00E90A49 /* sendDataClosure.xcdatamodeld */ = {
			isa = XCVersionGroup;
			children = (
				8F4BDA3A2987C08F00E90A49 /* sendDataClosure.xcdatamodel */,
			);
			currentVersion = 8F4BDA3A2987C08F00E90A49 /* sendDataClosure.xcdatamodel */;
			path = sendDataClosure.xcdatamodeld;
			sourceTree = "<group>";
			versionGroupType = wrapper.xcdatamodel;
		};
/* End XCVersionGroup section */
	};
	rootObject = 8F4BDA252987C08F00E90A49 /* Project object */;
}
